{
  "plugin_type": "files",
  "name": "files-dbt",
  "namespace": "dbt",
  "variant": "matatika",
  "label": "files-dbt",
  "repo": "https://github.com/Matatika/files-dbt",
  "pip_url": "git+https://github.com/Matatika/files-dbt@v1.0.x.1",
  "logo_url": "https://localhost:3443null",
  "update": {
    "transform/profile/profiles.yml": "true"
  }
}